
Microsoft Visual Studio Solution File, Format Version 12.00
# Visual Studio 15
VisualStudioVersion = 15.0.28307.1300
MinimumVisualStudioVersion = 10.0.40219.1
Project("{FAE04EC0-301F-11D3-BF4B-00C04F79EFBC}") = "UPnPWin", "UPnPWin\UPnPWin.csproj", "{4137453A-0172-41B3-A638-333B6D3DAF7B}"
EndProject
Project("{9A19103F-16F7-4668-BE54-9A1E7A4F7556}") = "Open.Nat", "..\Open.NAT\Open.Nat\Open.Nat.csproj", "{594F1F94-C190-4DF2-B89B-B4C5C596FE78}"
EndProject
Global
	GlobalSection(SolutionConfigurationPlatforms) = preSolution
		Debug|Any CPU = Debug|Any CPU
		Debug|x64 = Debug|x64
		Debug|x86 = Debug|x86
		FastDebug|Any CPU = FastDebug|Any CPU
		FastDebug|x64 = FastDebug|x64
		FastDebug|x86 = FastDebug|x86
		Release|Any CPU = Release|Any CPU
		Release|x64 = Release|x64
		Release|x86 = Release|x86
	EndGlobalSection
	GlobalSection(ProjectConfigurationPlatforms) = postSolution
		{4137453A-0172-41B3-A638-333B6D3DAF7B}.Debug|Any CPU.ActiveCfg = Debug|Any CPU
		{4137453A-0172-41B3-A638-333B6D3DAF7B}.Debug|Any CPU.Build.0 = Debug|Any CPU
		{4137453A-0172-41B3-A638-333B6D3DAF7B}.Debug|x64.ActiveCfg = Debug|Any CPU
		{4137453A-0172-41B3-A638-333B6D3DAF7B}.Debug|x64.Build.0 = Debug|Any CPU
		{4137453A-0172-41B3-A638-333B6D3DAF7B}.Debug|x86.ActiveCfg = Debug|Any CPU
		{4137453A-0172-41B3-A638-333B6D3DAF7B}.Debug|x86.Build.0 = Debug|Any CPU
		{4137453A-0172-41B3-A638-333B6D3DAF7B}.FastDebug|Any CPU.ActiveCfg = FastDebug|Any CPU
		{4137453A-0172-41B3-A638-333B6D3DAF7B}.FastDebug|Any CPU.Build.0 = FastDebug|Any CPU
		{4137453A-0172-41B3-A638-333B6D3DAF7B}.FastDebug|x64.ActiveCfg = FastDebug|Any CPU
		{4137453A-0172-41B3-A638-333B6D3DAF7B}.FastDebug|x64.Build.0 = FastDebug|Any CPU
		{4137453A-0172-41B3-A638-333B6D3DAF7B}.FastDebug|x86.ActiveCfg = FastDebug|Any CPU
		{4137453A-0172-41B3-A638-333B6D3DAF7B}.FastDebug|x86.Build.0 = FastDebug|Any CPU
		{4137453A-0172-41B3-A638-333B6D3DAF7B}.Release|Any CPU.ActiveCfg = Release|Any CPU
		{4137453A-0172-41B3-A638-333B6D3DAF7B}.Release|Any CPU.Build.0 = Release|Any CPU
		{4137453A-0172-41B3-A638-333B6D3DAF7B}.Release|x64.ActiveCfg = Release|Any CPU
		{4137453A-0172-41B3-A638-333B6D3DAF7B}.Release|x64.Build.0 = Release|Any CPU
		{4137453A-0172-41B3-A638-333B6D3DAF7B}.Release|x86.ActiveCfg = Release|Any CPU
		{4137453A-0172-41B3-A638-333B6D3DAF7B}.Release|x86.Build.0 = Release|Any CPU
		{594F1F94-C190-4DF2-B89B-B4C5C596FE78}.Debug|Any CPU.ActiveCfg = Debug|Any CPU
		{594F1F94-C190-4DF2-B89B-B4C5C596FE78}.Debug|Any CPU.Build.0 = Debug|Any CPU
		{594F1F94-C190-4DF2-B89B-B4C5C596FE78}.Debug|x64.ActiveCfg = Debug|x64
		{594F1F94-C190-4DF2-B89B-B4C5C596FE78}.Debug|x64.Build.0 = Debug|x64
		{594F1F94-C190-4DF2-B89B-B4C5C596FE78}.Debug|x86.ActiveCfg = Debug|x86
		{594F1F94-C190-4DF2-B89B-B4C5C596FE78}.Debug|x86.Build.0 = Debug|x86
		{594F1F94-C190-4DF2-B89B-B4C5C596FE78}.FastDebug|Any CPU.ActiveCfg = Debug|Any CPU
		{594F1F94-C190-4DF2-B89B-B4C5C596FE78}.FastDebug|Any CPU.Build.0 = Debug|Any CPU
		{594F1F94-C190-4DF2-B89B-B4C5C596FE78}.FastDebug|x64.ActiveCfg = Debug|x64
		{594F1F94-C190-4DF2-B89B-B4C5C596FE78}.FastDebug|x64.Build.0 = Debug|x64
		{594F1F94-C190-4DF2-B89B-B4C5C596FE78}.FastDebug|x86.ActiveCfg = Debug|x86
		{594F1F94-C190-4DF2-B89B-B4C5C596FE78}.FastDebug|x86.Build.0 = Debug|x86
		{594F1F94-C190-4DF2-B89B-B4C5C596FE78}.Release|Any CPU.ActiveCfg = Release|Any CPU
		{594F1F94-C190-4DF2-B89B-B4C5C596FE78}.Release|Any CPU.Build.0 = Release|Any CPU
		{594F1F94-C190-4DF2-B89B-B4C5C596FE78}.Release|x64.ActiveCfg = Release|x64
		{594F1F94-C190-4DF2-B89B-B4C5C596FE78}.Release|x64.Build.0 = Release|x64
		{594F1F94-C190-4DF2-B89B-B4C5C596FE78}.Release|x86.ActiveCfg = Release|x86
		{594F1F94-C190-4DF2-B89B-B4C5C596FE78}.Release|x86.Build.0 = Release|x86
	EndGlobalSection
	GlobalSection(SolutionProperties) = preSolution
		HideSolutionNode = FALSE
	EndGlobalSection
	GlobalSection(ExtensibilityGlobals) = postSolution
		SolutionGuid = {E701EA68-1EE8-4A4B-93EF-5A961E39B152}
	EndGlobalSection
EndGlobal
