
Microsoft Visual Studio Solution File, Format Version 12.00
# Visual Studio Version 16
VisualStudioVersion = 16.0.29424.173
MinimumVisualStudioVersion = 10.0.40219.1
Project("{FAE04EC0-301F-11D3-BF4B-00C04F79EFBC}") = "UPnPWin", "UPnPWin\UPnPWin.csproj", "{4137453A-0172-41B3-A638-333B6D3DAF7B}"
EndProject
Global
	GlobalSection(SolutionConfigurationPlatforms) = preSolution
		Debug|Any CPU = Debug|Any CPU
		Release|Any CPU = Release|Any CPU
	EndGlobalSection
	GlobalSection(ProjectConfigurationPlatforms) = postSolution
		{4137453A-0172-41B3-A638-333B6D3DAF7B}.Debug|Any CPU.ActiveCfg = Debug|Any CPU
		{4137453A-0172-41B3-A638-333B6D3DAF7B}.Debug|Any CPU.Build.0 = Debug|Any CPU
		{4137453A-0172-41B3-A638-333B6D3DAF7B}.Release|Any CPU.ActiveCfg = Release|Any CPU
		{4137453A-0172-41B3-A638-333B6D3DAF7B}.Release|Any CPU.Build.0 = Release|Any CPU
	EndGlobalSection
	GlobalSection(SolutionProperties) = preSolution
		HideSolutionNode = FALSE
	EndGlobalSection
	GlobalSection(ExtensibilityGlobals) = postSolution
		SolutionGuid = {E701EA68-1EE8-4A4B-93EF-5A961E39B152}
	EndGlobalSection
EndGlobal
